
Microsoft Visual Studio Solution File, Format Version 12.00
# Visual Studio Version 17
VisualStudioVersion = 17.4.33213.308
MinimumVisualStudioVersion = 10.0.40219.1
Project("{FAE04EC0-301F-11D3-BF4B-00C04F79EFBC}") = "Sat_EmployeeOOP_DlloSoft", "Sat_EmployeeOOP_DlloSoft\Sat_EmployeeOOP_DlloSoft.csproj", "{704FC218-5B17-4CFC-8F86-7E560C9E2019}"
EndProject
Global
	GlobalSection(SolutionConfigurationPlatforms) = preSolution
		Debug|Any CPU = Debug|Any CPU
		Release|Any CPU = Release|Any CPU
	EndGlobalSection
	GlobalSection(ProjectConfigurationPlatforms) = postSolution
		{704FC218-5B17-4CFC-8F86-7E560C9E2019}.Debug|Any CPU.ActiveCfg = Debug|Any CPU
		{704FC218-5B17-4CFC-8F86-7E560C9E2019}.Debug|Any CPU.Build.0 = Debug|Any CPU
		{704FC218-5B17-4CFC-8F86-7E560C9E2019}.Release|Any CPU.ActiveCfg = Release|Any CPU
		{704FC218-5B17-4CFC-8F86-7E560C9E2019}.Release|Any CPU.Build.0 = Release|Any CPU
	EndGlobalSection
	GlobalSection(SolutionProperties) = preSolution
		HideSolutionNode = FALSE
	EndGlobalSection
	GlobalSection(ExtensibilityGlobals) = postSolution
		SolutionGuid = {56C43BD2-7060-4FD2-8089-4978C4C59DBC}
	EndGlobalSection
EndGlobal
